// !$*UTF8*$!
{
	archiveVersion = 1;
	classes = {
	};
	objectVersion = 56;
	objects = {

/* Begin PBXBuildFile section */
		9C8D5B2629EEBDB7001C0A2A /* LeapYear.swift in Sources */ = {isa = PBXBuildFile; fileRef = 9C8D5B2529EEBDB7001C0A2A /* LeapYear.swift */; };
		9C8D5B3329EEBDF5001C0A2A /* LeapYearTests.swift in Sources */ = {isa = PBXBuildFile; fileRef = 9C8D5B3229EEBDF5001C0A2A /* LeapYearTests.swift */; };
		9C8D5B3429EEBDF5001C0A2A /* libLeapYear.a in Frameworks */ = {isa = PBXBuildFile; fileRef = 9C8D5B2229EEBDB7001C0A2A /* libLeapYear.a */; };
/* End PBXBuildFile section */

/* Begin PBXContainerItemProxy section */
		9C8D5B3529EEBDF5001C0A2A /* PBXContainerItemProxy */ = {
			isa = PBXContainerItemProxy;
			containerPortal = 9C8D5B1A29EEBDB7001C0A2A /* Project object */;
			proxyType = 1;
			remoteGlobalIDString = 9C8D5B2129EEBDB7001C0A2A;
			remoteInfo = LeapYear;
		};
/* End PBXContainerItemProxy section */

/* Begin PBXCopyFilesBuildPhase section */
		9C8D5B2029EEBDB7001C0A2A /* CopyFiles */ = {
			isa = PBXCopyFilesBuildPhase;
			buildActionMask = 2147483647;
			dstPath = "include/$(PRODUCT_NAME)";
			dstSubfolderSpec = 16;
			files = (
			);
			runOnlyForDeploymentPostprocessing = 0;
		};
/* End PBXCopyFilesBuildPhase section */

/* Begin PBXFileReference section */
		9C8D5B2229EEBDB7001C0A2A /* libLeapYear.a */ = {isa = PBXFileReference; explicitFileType = archive.ar; includeInIndex = 0; path = libLeapYear.a; sourceTree = BUILT_PRODUCTS_DIR; };
		9C8D5B2529EEBDB7001C0A2A /* LeapYear.swift */ = {isa = PBXFileReference; lastKnownFileType = sourcecode.swift; path = LeapYear.swift; sourceTree = "<group>"; };
		9C8D5B3029EEBDF5001C0A2A /* LeapYearTests.xctest */ = {isa = PBXFileReference; explicitFileType = wrapper.cfbundle; includeInIndex = 0; path = LeapYearTests.xctest; sourceTree = BUILT_PRODUCTS_DIR; };
		9C8D5B3229EEBDF5001C0A2A /* LeapYearTests.swift */ = {isa = PBXFileReference; lastKnownFileType = sourcecode.swift; path = LeapYearTests.swift; sourceTree = "<group>"; };
/* End PBXFileReference section */

/* Begin PBXFrameworksBuildPhase section */
		9C8D5B1F29EEBDB7001C0A2A /* Frameworks */ = {
			isa = PBXFrameworksBuildPhase;
			buildActionMask = 2147483647;
			files = (
			);
			runOnlyForDeploymentPostprocessing = 0;
		};
		9C8D5B2D29EEBDF5001C0A2A /* Frameworks */ = {
			isa = PBXFrameworksBuildPhase;
			buildActionMask = 2147483647;
			files = (
				9C8D5B3429EEBDF5001C0A2A /* libLeapYear.a in Frameworks */,
			);
			runOnlyForDeploymentPostprocessing = 0;
		};
/* End PBXFrameworksBuildPhase section */

/* Begin PBXGroup section */
		9C8D5B1929EEBDB7001C0A2A = {
			isa = PBXGroup;
			children = (
				9C8D5B2429EEBDB7001C0A2A /* LeapYear */,
				9C8D5B3129EEBDF5001C0A2A /* LeapYearTests */,
				9C8D5B2329EEBDB7001C0A2A /* Products */,
			);
			sourceTree = "<group>";
		};
		9C8D5B2329EEBDB7001C0A2A /* Products */ = {
			isa = PBXGroup;
			children = (
				9C8D5B2229EEBDB7001C0A2A /* libLeapYear.a */,
				9C8D5B3029EEBDF5001C0A2A /* LeapYearTests.xctest */,
			);
			name = Products;
			sourceTree = "<group>";
		};
		9C8D5B2429EEBDB7001C0A2A /* LeapYear */ = {
			isa = PBXGroup;
			children = (
				9C8D5B2529EEBDB7001C0A2A /* LeapYear.swift */,
			);
			path = LeapYear;
			sourceTree = "<group>";
		};
		9C8D5B3129EEBDF5001C0A2A /* LeapYearTests */ = {
			isa = PBXGroup;
			children = (
				9C8D5B3229EEBDF5001C0A2A /* LeapYearTests.swift */,
			);
			path = LeapYearTests;
			sourceTree = "<group>";
		};
/* End PBXGroup section */

/* Begin PBXNativeTarget section */
		9C8D5B2129EEBDB7001C0A2A /* LeapYear */ = {
			isa = PBXNativeTarget;
			buildConfigurationList = 9C8D5B2929EEBDB7001C0A2A /* Build configuration list for PBXNativeTarget "LeapYear" */;
			buildPhases = (
				9C8D5B1E29EEBDB7001C0A2A /* Sources */,
				9C8D5B1F29EEBDB7001C0A2A /* Frameworks */,
				9C8D5B2029EEBDB7001C0A2A /* CopyFiles */,
			);
			buildRules = (
			);
			dependencies = (
			);
			name = LeapYear;
			productName = LeapYear;
			productReference = 9C8D5B2229EEBDB7001C0A2A /* libLeapYear.a */;
			productType = "com.apple.product-type.library.static";
		};
		9C8D5B2F29EEBDF5001C0A2A /* LeapYearTests */ = {
			isa = PBXNativeTarget;
			buildConfigurationList = 9C8D5B3729EEBDF5001C0A2A /* Build configuration list for PBXNativeTarget "LeapYearTests" */;
			buildPhases = (
				9C8D5B2C29EEBDF5001C0A2A /* Sources */,
				9C8D5B2D29EEBDF5001C0A2A /* Frameworks */,
				9C8D5B2E29EEBDF5001C0A2A /* Resources */,
			);
			buildRules = (
			);
			dependencies = (
				9C8D5B3629EEBDF5001C0A2A /* PBXTargetDependency */,
			);
			name = LeapYearTests;
			productName = LeapYearTests;
			productReference = 9C8D5B3029EEBDF5001C0A2A /* LeapYearTests.xctest */;
			productType = "com.apple.product-type.bundle.unit-test";
		};
/* End PBXNativeTarget section */

/* Begin PBXProject section */
		9C8D5B1A29EEBDB7001C0A2A /* Project object */ = {
			isa = PBXProject;
			attributes = {
				BuildIndependentTargetsInParallel = 1;
				LastSwiftUpdateCheck = 1420;
				LastUpgradeCheck = 1420;
				TargetAttributes = {
					9C8D5B2129EEBDB7001C0A2A = {
						CreatedOnToolsVersion = 14.2;
					};
					9C8D5B2F29EEBDF5001C0A2A = {
						CreatedOnToolsVersion = 14.2;
					};
				};
			};
			buildConfigurationList = 9C8D5B1D29EEBDB7001C0A2A /* Build configuration list for PBXProject "LeapYear" */;
			compatibilityVersion = "Xcode 14.0";
			developmentRegion = en;
			hasScannedForEncodings = 0;
			knownRegions = (
				en,
				Base,
			);
			mainGroup = 9C8D5B1929EEBDB7001C0A2A;
			productRefGroup = 9C8D5B2329EEBDB7001C0A2A /* Products */;
			projectDirPath = "";
			projectRoot = "";
			targets = (
				9C8D5B2129EEBDB7001C0A2A /* LeapYear */,
				9C8D5B2F29EEBDF5001C0A2A /* LeapYearTests */,
			);
		};
/* End PBXProject section */

/* Begin PBXResourcesBuildPhase section */
		9C8D5B2E29EEBDF5001C0A2A /* Resources */ = {
			isa = PBXResourcesBuildPhase;
			buildActionMask = 2147483647;
			files = (
			);
			runOnlyForDeploymentPostprocessing = 0;
		};
/* End PBXResourcesBuildPhase section */

/* Begin PBXSourcesBuildPhase section */
		9C8D5B1E29EEBDB7001C0A2A /* Sources */ = {
			isa = PBXSourcesBuildPhase;
			buildActionMask = 2147483647;
			files = (
				9C8D5B2629EEBDB7001C0A2A /* LeapYear.swift in Sources */,
			);
			runOnlyForDeploymentPostprocessing = 0;
		};
		9C8D5B2C29EEBDF5001C0A2A /* Sources */ = {
			isa = PBXSourcesBuildPhase;
			buildActionMask = 2147483647;
			files = (
				9C8D5B3329EEBDF5001C0A2A /* LeapYearTests.swift in Sources */,
			);
			runOnlyForDeploymentPostprocessing = 0;
		};
/* End PBXSourcesBuildPhase section */

/* Begin PBXTargetDependency section */
		9C8D5B3629EEBDF5001C0A2A /* PBXTargetDependency */ = {
			isa = PBXTargetDependency;
			target = 9C8D5B2129EEBDB7001C0A2A /* LeapYear */;
			targetProxy = 9C8D5B3529EEBDF5001C0A2A /* PBXContainerItemProxy */;
		};
/* End PBXTargetDependency section */

/* Begin XCBuildConfiguration section */
		9C8D5B2729EEBDB7001C0A2A /* Debug */ = {
			isa = XCBuildConfiguration;
			buildSettings = {
				ALWAYS_SEARCH_USER_PATHS = NO;
				CLANG_ANALYZER_NONNULL = YES;
				CLANG_ANALYZER_NUMBER_OBJECT_CONVERSION = YES_AGGRESSIVE;
				CLANG_CXX_LANGUAGE_STANDARD = "gnu++20";
				CLANG_ENABLE_MODULES = YES;
				CLANG_ENABLE_OBJC_ARC = YES;
				CLANG_ENABLE_OBJC_WEAK = YES;
				CLANG_WARN_BLOCK_CAPTURE_AUTORELEASING = YES;
				CLANG_WARN_BOOL_CONVERSION = YES;
				CLANG_WARN_COMMA = YES;
				CLANG_WARN_CONSTANT_CONVERSION = YES;
				CLANG_WARN_DEPRECATED_OBJC_IMPLEMENTATIONS = YES;
				CLANG_WARN_DIRECT_OBJC_ISA_USAGE = YES_ERROR;
				CLANG_WARN_DOCUMENTATION_COMMENTS = YES;
				CLANG_WARN_EMPTY_BODY = YES;
				CLANG_WARN_ENUM_CONVERSION = YES;
				CLANG_WARN_INFINITE_RECURSION = YES;
				CLANG_WARN_INT_CONVERSION = YES;
				CLANG_WARN_NON_LITERAL_NULL_CONVERSION = YES;
				CLANG_WARN_OBJC_IMPLICIT_RETAIN_SELF = YES;
				CLANG_WARN_OBJC_LITERAL_CONVERSION = YES;
				CLANG_WARN_OBJC_ROOT_CLASS = YES_ERROR;
				CLANG_WARN_QUOTED_INCLUDE_IN_FRAMEWORK_HEADER = YES;
				CLANG_WARN_RANGE_LOOP_ANALYSIS = YES;
				CLANG_WARN_STRICT_PROTOTYPES = YES;
				CLANG_WARN_SUSPICIOUS_MOVE = YES;
				CLANG_WARN_UNGUARDED_AVAILABILITY = YES_AGGRESSIVE;
				CLANG_WARN_UNREACHABLE_CODE = YES;
				CLANG_WARN__DUPLICATE_METHOD_MATCH = YES;
				COPY_PHASE_STRIP = NO;
				DEBUG_INFORMATION_FORMAT = dwarf;
				ENABLE_STRICT_OBJC_MSGSEND = YES;
				ENABLE_TESTABILITY = YES;
				GCC_C_LANGUAGE_STANDARD = gnu11;
				GCC_DYNAMIC_NO_PIC = NO;
				GCC_NO_COMMON_BLOCKS = YES;
				GCC_OPTIMIZATION_LEVEL = 0;
				GCC_PREPROCESSOR_DEFINITIONS = (
					"DEBUG=1",
					"$(inherited)",
				);
				GCC_WARN_64_TO_32_BIT_CONVERSION = YES;
				GCC_WARN_ABOUT_RETURN_TYPE = YES_ERROR;
				GCC_WARN_UNDECLARED_SELECTOR = YES;
				GCC_WARN_UNINITIALIZED_AUTOS = YES_AGGRESSIVE;
				GCC_WARN_UNUSED_FUNCTION = YES;
				GCC_WARN_UNUSED_VARIABLE = YES;
				IPHONEOS_DEPLOYMENT_TARGET = 16.2;
				MTL_ENABLE_DEBUG_INFO = INCLUDE_SOURCE;
				MTL_FAST_MATH = YES;
				ONLY_ACTIVE_ARCH = YES;
				SDKROOT = iphoneos;
				SWIFT_ACTIVE_COMPILATION_CONDITIONS = DEBUG;
				SWIFT_OPTIMIZATION_LEVEL = "-Onone";
			};
			name = Debug;
		};
		9C8D5B2829EEBDB7001C0A2A /* Release */ = {
			isa = XCBuildConfiguration;
			buildSettings = {
				ALWAYS_SEARCH_USER_PATHS = NO;
				CLANG_ANALYZER_NONNULL = YES;
				CLANG_ANALYZER_NUMBER_OBJECT_CONVERSION = YES_AGGRESSIVE;
				CLANG_CXX_LANGUAGE_STANDARD = "gnu++20";
				CLANG_ENABLE_MODULES = YES;
				CLANG_ENABLE_OBJC_ARC = YES;
				CLANG_ENABLE_OBJC_WEAK = YES;
				CLANG_WARN_BLOCK_CAPTURE_AUTORELEASING = YES;
				CLANG_WARN_BOOL_CONVERSION = YES;
				CLANG_WARN_COMMA = YES;
				CLANG_WARN_CONSTANT_CONVERSION = YES;
				CLANG_WARN_DEPRECATED_OBJC_IMPLEMENTATIONS = YES;
				CLANG_WARN_DIRECT_OBJC_ISA_USAGE = YES_ERROR;
				CLANG_WARN_DOCUMENTATION_COMMENTS = YES;
				CLANG_WARN_EMPTY_BODY = YES;
				CLANG_WARN_ENUM_CONVERSION = YES;
				CLANG_WARN_INFINITE_RECURSION = YES;
				CLANG_WARN_INT_CONVERSION = YES;
				CLANG_WARN_NON_LITERAL_NULL_CONVERSION = YES;
				CLANG_WARN_OBJC_IMPLICIT_RETAIN_SELF = YES;
				CLANG_WARN_OBJC_LITERAL_CONVERSION = YES;
				CLANG_WARN_OBJC_ROOT_CLASS = YES_ERROR;
				CLANG_WARN_QUOTED_INCLUDE_IN_FRAMEWORK_HEADER = YES;
				CLANG_WARN_RANGE_LOOP_ANALYSIS = YES;
				CLANG_WARN_STRICT_PROTOTYPES = YES;
				CLANG_WARN_SUSPICIOUS_MOVE = YES;
				CLANG_WARN_UNGUARDED_AVAILABILITY = YES_AGGRESSIVE;
				CLANG_WARN_UNREACHABLE_CODE = YES;
				CLANG_WARN__DUPLICATE_METHOD_MATCH = YES;
				COPY_PHASE_STRIP = NO;
				DEBUG_INFORMATION_FORMAT = "dwarf-with-dsym";
				ENABLE_NS_ASSERTIONS = NO;
				ENABLE_STRICT_OBJC_MSGSEND = YES;
				GCC_C_LANGUAGE_STANDARD = gnu11;
				GCC_NO_COMMON_BLOCKS = YES;
				GCC_WARN_64_TO_32_BIT_CONVERSION = YES;
				GCC_WARN_ABOUT_RETURN_TYPE = YES_ERROR;
				GCC_WARN_UNDECLARED_SELECTOR = YES;
				GCC_WARN_UNINITIALIZED_AUTOS = YES_AGGRESSIVE;
				GCC_WARN_UNUSED_FUNCTION = YES;
				GCC_WARN_UNUSED_VARIABLE = YES;
				IPHONEOS_DEPLOYMENT_TARGET = 16.2;
				MTL_ENABLE_DEBUG_INFO = NO;
				MTL_FAST_MATH = YES;
				SDKROOT = iphoneos;
				SWIFT_COMPILATION_MODE = wholemodule;
				SWIFT_OPTIMIZATION_LEVEL = "-O";
				VALIDATE_PRODUCT = YES;
			};
			name = Release;
		};
		9C8D5B2A29EEBDB7001C0A2A /* Debug */ = {
			isa = XCBuildConfiguration;
			buildSettings = {
				CODE_SIGN_STYLE = Automatic;
				DEVELOPMENT_TEAM = DSYB3VSYU2;
				OTHER_LDFLAGS = "-ObjC";
				PRODUCT_NAME = "$(TARGET_NAME)";
				SKIP_INSTALL = YES;
				SWIFT_VERSION = 5.0;
				TARGETED_DEVICE_FAMILY = "1,2";
			};
			name = Debug;
		};
		9C8D5B2B29EEBDB7001C0A2A /* Release */ = {
			isa = XCBuildConfiguration;
			buildSettings = {
				CODE_SIGN_STYLE = Automatic;
				DEVELOPMENT_TEAM = DSYB3VSYU2;
				OTHER_LDFLAGS = "-ObjC";
				PRODUCT_NAME = "$(TARGET_NAME)";
				SKIP_INSTALL = YES;
				SWIFT_VERSION = 5.0;
				TARGETED_DEVICE_FAMILY = "1,2";
			};
			name = Release;
		};
		9C8D5B3829EEBDF5001C0A2A /* Debug */ = {
			isa = XCBuildConfiguration;
			buildSettings = {
				CODE_SIGN_STYLE = Automatic;
				CURRENT_PROJECT_VERSION = 1;
				DEVELOPMENT_TEAM = DSYB3VSYU2;
				GENERATE_INFOPLIST_FILE = YES;
				MARKETING_VERSION = 1.0;
				PRODUCT_BUNDLE_IDENTIFIER = marinaaguiar.LeapYearTests;
				PRODUCT_NAME = "$(TARGET_NAME)";
				SWIFT_EMIT_LOC_STRINGS = NO;
				SWIFT_VERSION = 5.0;
				TARGETED_DEVICE_FAMILY = "1,2";
			};
			name = Debug;
		};
		9C8D5B3929EEBDF5001C0A2A /* Release */ = {
			isa = XCBuildConfiguration;
			buildSettings = {
				CODE_SIGN_STYLE = Automatic;
				CURRENT_PROJECT_VERSION = 1;
				DEVELOPMENT_TEAM = DSYB3VSYU2;
				GENERATE_INFOPLIST_FILE = YES;
				MARKETING_VERSION = 1.0;
				PRODUCT_BUNDLE_IDENTIFIER = marinaaguiar.LeapYearTests;
				PRODUCT_NAME = "$(TARGET_NAME)";
				SWIFT_EMIT_LOC_STRINGS = NO;
				SWIFT_VERSION = 5.0;
				TARGETED_DEVICE_FAMILY = "1,2";
			};
			name = Release;
		};
/* End XCBuildConfiguration section */

/* Begin XCConfigurationList section */
		9C8D5B1D29EEBDB7001C0A2A /* Build configuration list for PBXProject "LeapYear" */ = {
			isa = XCConfigurationList;
			buildConfigurations = (
				9C8D5B2729EEBDB7001C0A2A /* Debug */,
				9C8D5B2829EEBDB7001C0A2A /* Release */,
			);
			defaultConfigurationIsVisible = 0;
			defaultConfigurationName = Release;
		};
		9C8D5B2929EEBDB7001C0A2A /* Build configuration list for PBXNativeTarget "LeapYear" */ = {
			isa = XCConfigurationList;
			buildConfigurations = (
				9C8D5B2A29EEBDB7001C0A2A /* Debug */,
				9C8D5B2B29EEBDB7001C0A2A /* Release */,
			);
			defaultConfigurationIsVisible = 0;
			defaultConfigurationName = Release;
		};
		9C8D5B3729EEBDF5001C0A2A /* Build configuration list for PBXNativeTarget "LeapYearTests" */ = {
			isa = XCConfigurationList;
			buildConfigurations = (
				9C8D5B3829EEBDF5001C0A2A /* Debug */,
				9C8D5B3929EEBDF5001C0A2A /* Release */,
			);
			defaultConfigurationIsVisible = 0;
			defaultConfigurationName = Release;
		};
/* End XCConfigurationList section */
	};
	rootObject = 9C8D5B1A29EEBDB7001C0A2A /* Project object */;
}
